# This file is autogenerated, do not edit; changes may be undone by the next 'dep ensure'.


[[projects]]
  branch = "v0"
  digest = "1:2845e962d60451bcc24452889295822d0ff9b2bebcb13ef39934e50c9ed27636"
  name = "github.com/inconshreveable/go-update"
  packages = ["."]
  pruneopts = "UT"
  revision = "d8b0b1d421aa1cbf392c05869f8abbc669bb7066"

[[projects]]
  branch = "master"
  digest = "1:caf6db28595425c0e0f2301a00257d11712f65c1878e12cffc42f6b9a9cf3f23"
  name = "github.com/kardianos/osext"
  packages = ["."]
  pruneopts = "UT"
  revision = "ae77be60afb1dcacde03767a8c37337fad28ac14"

[[projects]]
  digest = "1:7ad278b575635babef38e4ad4219500c299a58ea14b30eb21383d0efca00b369"
  name = "github.com/kr/binarydist"
  packages = ["."]
  pruneopts = "UT"
  revision = "88f551ae580780cc79d12ab4c218ba1ca346b83a"
  version = "v0.1.0"

[[projects]]
  branch = "v0"
  digest = "1:ff832bcbc8ed6ae4072c04126235d451aadc72606710b651ae08068f96cae0a6"
  name = "gopkg.in/inconshreveable/go-update.v0"
  packages = ["download"]
  pruneopts = "UT"
  revision = "d8b0b1d421aa1cbf392c05869f8abbc669bb7066"

[solve-meta]
  analyzer-name = "dep"
  analyzer-version = 1
  input-imports = [
    "github.com/inconshreveable/go-update",
    "github.com/kr/binarydist",
  ]
  solver-name = "gps-cdcl"
  solver-version = 1
